
Microsoft Visual Studio Solution File, Format Version 12.00
# Visual Studio 15
VisualStudioVersion = 15.0.27703.2042
MinimumVisualStudioVersion = 10.0.40219.1
Project("{A0786B88-2ADB-4C21-ABE8-AA2D79766269}") = "TroveTagTimeline", "..\..\..\..\..\..\Users\Greg\Source\Repos\TTT\TroveTagTimeline\TroveTagTimeline\TroveTagTimeline.phpproj", "{35581694-3E7D-4E01-9B18-5CD72BD057BA}"
EndProject
Global
	GlobalSection(SolutionConfigurationPlatforms) = preSolution
		Debug|Any CPU = Debug|Any CPU
		Release|Any CPU = Release|Any CPU
	EndGlobalSection
	GlobalSection(ProjectConfigurationPlatforms) = postSolution
		{35581694-3E7D-4E01-9B18-5CD72BD057BA}.Debug|Any CPU.ActiveCfg = Debug|Any CPU
		{35581694-3E7D-4E01-9B18-5CD72BD057BA}.Release|Any CPU.ActiveCfg = Release|Any CPU
	EndGlobalSection
	GlobalSection(SolutionProperties) = preSolution
		HideSolutionNode = FALSE
	EndGlobalSection
	GlobalSection(ExtensibilityGlobals) = postSolution
		SolutionGuid = {377CA2B2-B9F4-466C-8A69-4FC45697C746}
	EndGlobalSection
EndGlobal
